// !$*UTF8*$!
{
	archiveVersion = 1;
	classes = {
	};
	objectVersion = 46;
	objects = {

/* Begin PBXBuildFile section */
		9B137C221681D58A001B5321 /* UIKit.framework in Frameworks */ = {isa = PBXBuildFile; fileRef = 9B137C211681D58A001B5321 /* UIKit.framework */; };
		9B137C241681D58A001B5321 /* Foundation.framework in Frameworks */ = {isa = PBXBuildFile; fileRef = 9B137C231681D58A001B5321 /* Foundation.framework */; };
		9B137C261681D58A001B5321 /* CoreGraphics.framework in Frameworks */ = {isa = PBXBuildFile; fileRef = 9B137C251681D58A001B5321 /* CoreGraphics.framework */; };
		9B137C2C1681D58A001B5321 /* InfoPlist.strings in Resources */ = {isa = PBXBuildFile; fileRef = 9B137C2A1681D58A001B5321 /* InfoPlist.strings */; };
		9B137C2E1681D58A001B5321 /* main.m in Sources */ = {isa = PBXBuildFile; fileRef = 9B137C2D1681D58A001B5321 /* main.m */; };
		9B137C321681D58A001B5321 /* AppDelegate.m in Sources */ = {isa = PBXBuildFile; fileRef = 9B137C311681D58A001B5321 /* AppDelegate.m */; };
		9B137C341681D58A001B5321 /* Default.png in Resources */ = {isa = PBXBuildFile; fileRef = 9B137C331681D58A001B5321 /* Default.png */; };
		9B137C361681D58A001B5321 /* Default@2x.png in Resources */ = {isa = PBXBuildFile; fileRef = 9B137C351681D58A001B5321 /* Default@2x.png */; };
		9B137C381681D58A001B5321 /* Default-568h@2x.png in Resources */ = {isa = PBXBuildFile; fileRef = 9B137C371681D58A001B5321 /* Default-568h@2x.png */; };
		9B137C471681D5AD001B5321 /* MainViewController.m in Sources */ = {isa = PBXBuildFile; fileRef = 9B137C451681D5AD001B5321 /* MainViewController.m */; };
		9B137C481681D5AD001B5321 /* MainViewController.xib in Resources */ = {isa = PBXBuildFile; fileRef = 9B137C461681D5AD001B5321 /* MainViewController.xib */; };
		9B137C4F1681DF3C001B5321 /* Localizable.strings in Resources */ = {isa = PBXBuildFile; fileRef = 9B137C4E1681DF3C001B5321 /* Localizable.strings */; };
		9B137C5B1681E2A7001B5321 /* NewHaircutViewController.m in Sources */ = {isa = PBXBuildFile; fileRef = 9B137C591681E2A7001B5321 /* NewHaircutViewController.m */; };
		9B137C5C1681E2A7001B5321 /* NewHaircutViewController.xib in Resources */ = {isa = PBXBuildFile; fileRef = 9B137C5A1681E2A7001B5321 /* NewHaircutViewController.xib */; };
		9BC3D6631683659300D50B6B /* amy.png in Resources */ = {isa = PBXBuildFile; fileRef = 9BC3D6601683659300D50B6B /* amy.png */; };
		9BC3D6641683659300D50B6B /* docta.png in Resources */ = {isa = PBXBuildFile; fileRef = 9BC3D6611683659300D50B6B /* docta.png */; };
		9BC3D6651683659300D50B6B /* rory.png in Resources */ = {isa = PBXBuildFile; fileRef = 9BC3D6621683659300D50B6B /* rory.png */; };
		9BC3D669168476A500D50B6B /* Haircut.m in Sources */ = {isa = PBXBuildFile; fileRef = 9BC3D668168476A500D50B6B /* Haircut.m */; };
		9BC3D66C1684771600D50B6B /* Hairdresser.m in Sources */ = {isa = PBXBuildFile; fileRef = 9BC3D66B1684771600D50B6B /* Hairdresser.m */; };
		9BC3D66F168479E700D50B6B /* Company.m in Sources */ = {isa = PBXBuildFile; fileRef = 9BC3D66E168479E600D50B6B /* Company.m */; };
		9BC3D67B16847C9200D50B6B /* SQLiteManager.m in Sources */ = {isa = PBXBuildFile; fileRef = 9BC3D67A16847C9200D50B6B /* SQLiteManager.m */; };
		9BC3D68616847E7100D50B6B /* DataManager.m in Sources */ = {isa = PBXBuildFile; fileRef = 9BC3D68516847E7100D50B6B /* DataManager.m */; };
		9BC3D6901684ACCB00D50B6B /* History.db in Resources */ = {isa = PBXBuildFile; fileRef = 9BC3D68F1684ACCB00D50B6B /* History.db */; };
		9BC3D6941684BFD500D50B6B /* libsqlite3.dylib in Frameworks */ = {isa = PBXBuildFile; fileRef = 9BC3D6931684BFD500D50B6B /* libsqlite3.dylib */; };
		9BEA365F169AE9B100A6AE15 /* QuartzCore.framework in Frameworks */ = {isa = PBXBuildFile; fileRef = 9BEA365E169AE9B100A6AE15 /* QuartzCore.framework */; };
/* End PBXBuildFile section */

/* Begin PBXFileReference section */
		9B137C1D1681D58A001B5321 /* HaircutHistory.app */ = {isa = PBXFileReference; explicitFileType = wrapper.application; includeInIndex = 0; path = HaircutHistory.app; sourceTree = BUILT_PRODUCTS_DIR; };
		9B137C211681D58A001B5321 /* UIKit.framework */ = {isa = PBXFileReference; lastKnownFileType = wrapper.framework; name = UIKit.framework; path = System/Library/Frameworks/UIKit.framework; sourceTree = SDKROOT; };
		9B137C231681D58A001B5321 /* Foundation.framework */ = {isa = PBXFileReference; lastKnownFileType = wrapper.framework; name = Foundation.framework; path = System/Library/Frameworks/Foundation.framework; sourceTree = SDKROOT; };
		9B137C251681D58A001B5321 /* CoreGraphics.framework */ = {isa = PBXFileReference; lastKnownFileType = wrapper.framework; name = CoreGraphics.framework; path = System/Library/Frameworks/CoreGraphics.framework; sourceTree = SDKROOT; };
		9B137C291681D58A001B5321 /* HaircutHistory-Info.plist */ = {isa = PBXFileReference; lastKnownFileType = text.plist.xml; path = "HaircutHistory-Info.plist"; sourceTree = "<group>"; };
		9B137C2B1681D58A001B5321 /* en */ = {isa = PBXFileReference; lastKnownFileType = text.plist.strings; name = en; path = en.lproj/InfoPlist.strings; sourceTree = "<group>"; };
		9B137C2D1681D58A001B5321 /* main.m */ = {isa = PBXFileReference; lastKnownFileType = sourcecode.c.objc; path = main.m; sourceTree = "<group>"; };
		9B137C2F1681D58A001B5321 /* HaircutHistory-Prefix.pch */ = {isa = PBXFileReference; lastKnownFileType = sourcecode.c.h; path = "HaircutHistory-Prefix.pch"; sourceTree = "<group>"; };
		9B137C301681D58A001B5321 /* AppDelegate.h */ = {isa = PBXFileReference; lastKnownFileType = sourcecode.c.h; path = AppDelegate.h; sourceTree = "<group>"; };
		9B137C311681D58A001B5321 /* AppDelegate.m */ = {isa = PBXFileReference; lastKnownFileType = sourcecode.c.objc; path = AppDelegate.m; sourceTree = "<group>"; };
		9B137C331681D58A001B5321 /* Default.png */ = {isa = PBXFileReference; lastKnownFileType = image.png; path = Default.png; sourceTree = "<group>"; };
		9B137C351681D58A001B5321 /* Default@2x.png */ = {isa = PBXFileReference; lastKnownFileType = image.png; path = "Default@2x.png"; sourceTree = "<group>"; };
		9B137C371681D58A001B5321 /* Default-568h@2x.png */ = {isa = PBXFileReference; lastKnownFileType = image.png; path = "Default-568h@2x.png"; sourceTree = "<group>"; };
		9B137C441681D5AD001B5321 /* MainViewController.h */ = {isa = PBXFileReference; fileEncoding = 4; lastKnownFileType = sourcecode.c.h; path = MainViewController.h; sourceTree = "<group>"; };
		9B137C451681D5AD001B5321 /* MainViewController.m */ = {isa = PBXFileReference; fileEncoding = 4; lastKnownFileType = sourcecode.c.objc; path = MainViewController.m; sourceTree = "<group>"; };
		9B137C461681D5AD001B5321 /* MainViewController.xib */ = {isa = PBXFileReference; fileEncoding = 4; lastKnownFileType = file.xib; path = MainViewController.xib; sourceTree = "<group>"; };
		9B137C4E1681DF3C001B5321 /* Localizable.strings */ = {isa = PBXFileReference; fileEncoding = 4; lastKnownFileType = text.plist.strings; path = Localizable.strings; sourceTree = "<group>"; };
		9B137C581681E2A7001B5321 /* NewHaircutViewController.h */ = {isa = PBXFileReference; fileEncoding = 4; lastKnownFileType = sourcecode.c.h; path = NewHaircutViewController.h; sourceTree = "<group>"; };
		9B137C591681E2A7001B5321 /* NewHaircutViewController.m */ = {isa = PBXFileReference; fileEncoding = 4; lastKnownFileType = sourcecode.c.objc; path = NewHaircutViewController.m; sourceTree = "<group>"; };
		9B137C5A1681E2A7001B5321 /* NewHaircutViewController.xib */ = {isa = PBXFileReference; fileEncoding = 4; lastKnownFileType = file.xib; path = NewHaircutViewController.xib; sourceTree = "<group>"; };
		9BC3D6601683659300D50B6B /* amy.png */ = {isa = PBXFileReference; lastKnownFileType = image.png; path = amy.png; sourceTree = "<group>"; };
		9BC3D6611683659300D50B6B /* docta.png */ = {isa = PBXFileReference; lastKnownFileType = image.png; path = docta.png; sourceTree = "<group>"; };
		9BC3D6621683659300D50B6B /* rory.png */ = {isa = PBXFileReference; lastKnownFileType = image.png; path = rory.png; sourceTree = "<group>"; };
		9BC3D667168476A500D50B6B /* Haircut.h */ = {isa = PBXFileReference; fileEncoding = 4; lastKnownFileType = sourcecode.c.h; path = Haircut.h; sourceTree = "<group>"; };
		9BC3D668168476A500D50B6B /* Haircut.m */ = {isa = PBXFileReference; fileEncoding = 4; lastKnownFileType = sourcecode.c.objc; path = Haircut.m; sourceTree = "<group>"; };
		9BC3D66A1684771600D50B6B /* Hairdresser.h */ = {isa = PBXFileReference; fileEncoding = 4; lastKnownFileType = sourcecode.c.h; path = Hairdresser.h; sourceTree = "<group>"; };
		9BC3D66B1684771600D50B6B /* Hairdresser.m */ = {isa = PBXFileReference; fileEncoding = 4; lastKnownFileType = sourcecode.c.objc; path = Hairdresser.m; sourceTree = "<group>"; };
		9BC3D66D168479E600D50B6B /* Company.h */ = {isa = PBXFileReference; fileEncoding = 4; lastKnownFileType = sourcecode.c.h; path = Company.h; sourceTree = "<group>"; };
		9BC3D66E168479E600D50B6B /* Company.m */ = {isa = PBXFileReference; fileEncoding = 4; lastKnownFileType = sourcecode.c.objc; path = Company.m; sourceTree = "<group>"; };
		9BC3D67916847C9200D50B6B /* SQLiteManager.h */ = {isa = PBXFileReference; fileEncoding = 4; lastKnownFileType = sourcecode.c.h; path = SQLiteManager.h; sourceTree = "<group>"; };
		9BC3D67A16847C9200D50B6B /* SQLiteManager.m */ = {isa = PBXFileReference; fileEncoding = 4; lastKnownFileType = sourcecode.c.objc; path = SQLiteManager.m; sourceTree = "<group>"; };
		9BC3D68416847E7100D50B6B /* DataManager.h */ = {isa = PBXFileReference; fileEncoding = 4; lastKnownFileType = sourcecode.c.h; path = DataManager.h; sourceTree = "<group>"; };
		9BC3D68516847E7100D50B6B /* DataManager.m */ = {isa = PBXFileReference; fileEncoding = 4; lastKnownFileType = sourcecode.c.objc; path = DataManager.m; sourceTree = "<group>"; };
		9BC3D68F1684ACCB00D50B6B /* History.db */ = {isa = PBXFileReference; lastKnownFileType = file; path = History.db; sourceTree = "<group>"; };
		9BC3D6931684BFD500D50B6B /* libsqlite3.dylib */ = {isa = PBXFileReference; lastKnownFileType = "compiled.mach-o.dylib"; name = libsqlite3.dylib; path = usr/lib/libsqlite3.dylib; sourceTree = SDKROOT; };
		9BEA365E169AE9B100A6AE15 /* QuartzCore.framework */ = {isa = PBXFileReference; lastKnownFileType = wrapper.framework; name = QuartzCore.framework; path = System/Library/Frameworks/QuartzCore.framework; sourceTree = SDKROOT; };
/* End PBXFileReference section */

/* Begin PBXFrameworksBuildPhase section */
		9B137C1A1681D58A001B5321 /* Frameworks */ = {
			isa = PBXFrameworksBuildPhase;
			buildActionMask = 2147483647;
			files = (
				9BEA365F169AE9B100A6AE15 /* QuartzCore.framework in Frameworks */,
				9BC3D6941684BFD500D50B6B /* libsqlite3.dylib in Frameworks */,
				9B137C221681D58A001B5321 /* UIKit.framework in Frameworks */,
				9B137C241681D58A001B5321 /* Foundation.framework in Frameworks */,
				9B137C261681D58A001B5321 /* CoreGraphics.framework in Frameworks */,
			);
			runOnlyForDeploymentPostprocessing = 0;
		};
/* End PBXFrameworksBuildPhase section */

/* Begin PBXGroup section */
		9B137C121681D58A001B5321 = {
			isa = PBXGroup;
			children = (
				9B137C271681D58A001B5321 /* HaircutHistory */,
				9B137C4D1681DF28001B5321 /* Resources */,
				9B137C201681D58A001B5321 /* Frameworks */,
				9B137C1E1681D58A001B5321 /* Products */,
			);
			sourceTree = "<group>";
		};
		9B137C1E1681D58A001B5321 /* Products */ = {
			isa = PBXGroup;
			children = (
				9B137C1D1681D58A001B5321 /* HaircutHistory.app */,
			);
			name = Products;
			sourceTree = "<group>";
		};
		9B137C201681D58A001B5321 /* Frameworks */ = {
			isa = PBXGroup;
			children = (
				9BC3D6931684BFD500D50B6B /* libsqlite3.dylib */,
				9BEA365E169AE9B100A6AE15 /* QuartzCore.framework */,
				9B137C211681D58A001B5321 /* UIKit.framework */,
				9B137C231681D58A001B5321 /* Foundation.framework */,
				9B137C251681D58A001B5321 /* CoreGraphics.framework */,
			);
			name = Frameworks;
			sourceTree = "<group>";
		};
		9B137C271681D58A001B5321 /* HaircutHistory */ = {
			isa = PBXGroup;
			children = (
				9BC3D67816847C8700D50B6B /* SQLite */,
				9BC3D666168454B100D50B6B /* Objects */,
				9B137C301681D58A001B5321 /* AppDelegate.h */,
				9B137C311681D58A001B5321 /* AppDelegate.m */,
				9B137C441681D5AD001B5321 /* MainViewController.h */,
				9B137C451681D5AD001B5321 /* MainViewController.m */,
				9B137C461681D5AD001B5321 /* MainViewController.xib */,
				9B137C581681E2A7001B5321 /* NewHaircutViewController.h */,
				9B137C591681E2A7001B5321 /* NewHaircutViewController.m */,
				9B137C5A1681E2A7001B5321 /* NewHaircutViewController.xib */,
				9B137C281681D58A001B5321 /* Supporting Files */,
			);
			path = HaircutHistory;
			sourceTree = "<group>";
		};
		9B137C281681D58A001B5321 /* Supporting Files */ = {
			isa = PBXGroup;
			children = (
				9B137C291681D58A001B5321 /* HaircutHistory-Info.plist */,
				9B137C2A1681D58A001B5321 /* InfoPlist.strings */,
				9B137C2D1681D58A001B5321 /* main.m */,
				9B137C2F1681D58A001B5321 /* HaircutHistory-Prefix.pch */,
				9B137C331681D58A001B5321 /* Default.png */,
				9B137C351681D58A001B5321 /* Default@2x.png */,
				9B137C371681D58A001B5321 /* Default-568h@2x.png */,
			);
			name = "Supporting Files";
			sourceTree = "<group>";
		};
		9B137C4D1681DF28001B5321 /* Resources */ = {
			isa = PBXGroup;
			children = (
				9B137C5D168211B0001B5321 /* Images */,
				9B137C4E1681DF3C001B5321 /* Localizable.strings */,
				9BC3D68F1684ACCB00D50B6B /* History.db */,
			);
			name = Resources;
			path = HaircutHistory;
			sourceTree = "<group>";
		};
		9B137C5D168211B0001B5321 /* Images */ = {
			isa = PBXGroup;
			children = (
				9BC3D6601683659300D50B6B /* amy.png */,
				9BC3D6611683659300D50B6B /* docta.png */,
				9BC3D6621683659300D50B6B /* rory.png */,
			);
			name = Images;
			sourceTree = "<group>";
		};
		9BC3D666168454B100D50B6B /* Objects */ = {
			isa = PBXGroup;
			children = (
				9BC3D68416847E7100D50B6B /* DataManager.h */,
				9BC3D68516847E7100D50B6B /* DataManager.m */,
				9BC3D667168476A500D50B6B /* Haircut.h */,
				9BC3D668168476A500D50B6B /* Haircut.m */,
				9BC3D66A1684771600D50B6B /* Hairdresser.h */,
				9BC3D66B1684771600D50B6B /* Hairdresser.m */,
				9BC3D66D168479E600D50B6B /* Company.h */,
				9BC3D66E168479E600D50B6B /* Company.m */,
			);
			name = Objects;
			sourceTree = "<group>";
		};
		9BC3D67816847C8700D50B6B /* SQLite */ = {
			isa = PBXGroup;
			children = (
				9BC3D67916847C9200D50B6B /* SQLiteManager.h */,
				9BC3D67A16847C9200D50B6B /* SQLiteManager.m */,
			);
			name = SQLite;
			sourceTree = "<group>";
		};
/* End PBXGroup section */

/* Begin PBXNativeTarget section */
		9B137C1C1681D58A001B5321 /* HaircutHistory */ = {
			isa = PBXNativeTarget;
			buildConfigurationList = 9B137C411681D58A001B5321 /* Build configuration list for PBXNativeTarget "HaircutHistory" */;
			buildPhases = (
				9B137C191681D58A001B5321 /* Sources */,
				9B137C1A1681D58A001B5321 /* Frameworks */,
				9B137C1B1681D58A001B5321 /* Resources */,
			);
			buildRules = (
			);
			dependencies = (
			);
			name = HaircutHistory;
			productName = HaircutHistory;
			productReference = 9B137C1D1681D58A001B5321 /* HaircutHistory.app */;
			productType = "com.apple.product-type.application";
		};
/* End PBXNativeTarget section */

/* Begin PBXProject section */
		9B137C141681D58A001B5321 /* Project object */ = {
			isa = PBXProject;
			attributes = {
				LastUpgradeCheck = 0450;
				ORGANIZATIONNAME = MagicDealers;
			};
			buildConfigurationList = 9B137C171681D58A001B5321 /* Build configuration list for PBXProject "HaircutHistory" */;
			compatibilityVersion = "Xcode 3.2";
			developmentRegion = English;
			hasScannedForEncodings = 0;
			knownRegions = (
				en,
			);
			mainGroup = 9B137C121681D58A001B5321;
			productRefGroup = 9B137C1E1681D58A001B5321 /* Products */;
			projectDirPath = "";
			projectRoot = "";
			targets = (
				9B137C1C1681D58A001B5321 /* HaircutHistory */,
			);
		};
/* End PBXProject section */

/* Begin PBXResourcesBuildPhase section */
		9B137C1B1681D58A001B5321 /* Resources */ = {
			isa = PBXResourcesBuildPhase;
			buildActionMask = 2147483647;
			files = (
				9B137C2C1681D58A001B5321 /* InfoPlist.strings in Resources */,
				9B137C341681D58A001B5321 /* Default.png in Resources */,
				9B137C361681D58A001B5321 /* Default@2x.png in Resources */,
				9B137C381681D58A001B5321 /* Default-568h@2x.png in Resources */,
				9B137C481681D5AD001B5321 /* MainViewController.xib in Resources */,
				9B137C4F1681DF3C001B5321 /* Localizable.strings in Resources */,
				9B137C5C1681E2A7001B5321 /* NewHaircutViewController.xib in Resources */,
				9BC3D6631683659300D50B6B /* amy.png in Resources */,
				9BC3D6641683659300D50B6B /* docta.png in Resources */,
				9BC3D6651683659300D50B6B /* rory.png in Resources */,
				9BC3D6901684ACCB00D50B6B /* History.db in Resources */,
			);
			runOnlyForDeploymentPostprocessing = 0;
		};
/* End PBXResourcesBuildPhase section */

/* Begin PBXSourcesBuildPhase section */
		9B137C191681D58A001B5321 /* Sources */ = {
			isa = PBXSourcesBuildPhase;
			buildActionMask = 2147483647;
			files = (
				9B137C2E1681D58A001B5321 /* main.m in Sources */,
				9B137C321681D58A001B5321 /* AppDelegate.m in Sources */,
				9B137C471681D5AD001B5321 /* MainViewController.m in Sources */,
				9B137C5B1681E2A7001B5321 /* NewHaircutViewController.m in Sources */,
				9BC3D669168476A500D50B6B /* Haircut.m in Sources */,
				9BC3D66C1684771600D50B6B /* Hairdresser.m in Sources */,
				9BC3D66F168479E700D50B6B /* Company.m in Sources */,
				9BC3D67B16847C9200D50B6B /* SQLiteManager.m in Sources */,
				9BC3D68616847E7100D50B6B /* DataManager.m in Sources */,
			);
			runOnlyForDeploymentPostprocessing = 0;
		};
/* End PBXSourcesBuildPhase section */

/* Begin PBXVariantGroup section */
		9B137C2A1681D58A001B5321 /* InfoPlist.strings */ = {
			isa = PBXVariantGroup;
			children = (
				9B137C2B1681D58A001B5321 /* en */,
			);
			name = InfoPlist.strings;
			sourceTree = "<group>";
		};
/* End PBXVariantGroup section */

/* Begin XCBuildConfiguration section */
		9B137C3F1681D58A001B5321 /* Debug */ = {
			isa = XCBuildConfiguration;
			buildSettings = {
				ALWAYS_SEARCH_USER_PATHS = NO;
				CLANG_CXX_LANGUAGE_STANDARD = "gnu++0x";
				CLANG_CXX_LIBRARY = "libc++";
				CLANG_ENABLE_OBJC_ARC = YES;
				CLANG_WARN_EMPTY_BODY = YES;
				CLANG_WARN__DUPLICATE_METHOD_MATCH = YES;
				CODE_SIGN_IDENTITY = "iPhone Developer";
				"CODE_SIGN_IDENTITY[sdk=iphoneos*]" = "iPhone Distribution: swiss smart media gmbh";
				COPY_PHASE_STRIP = NO;
				GCC_C_LANGUAGE_STANDARD = gnu99;
				GCC_DYNAMIC_NO_PIC = NO;
				GCC_OPTIMIZATION_LEVEL = 0;
				GCC_PREPROCESSOR_DEFINITIONS = (
					"DEBUG=1",
					"$(inherited)",
				);
				GCC_SYMBOLS_PRIVATE_EXTERN = NO;
				GCC_WARN_ABOUT_RETURN_TYPE = YES;
				GCC_WARN_UNINITIALIZED_AUTOS = YES;
				GCC_WARN_UNUSED_VARIABLE = YES;
				IPHONEOS_DEPLOYMENT_TARGET = 6.0;
				ONLY_ACTIVE_ARCH = YES;
				PROVISIONING_PROFILE = "";
				"PROVISIONING_PROFILE[sdk=iphoneos*]" = "";
				SDKROOT = iphoneos;
			};
			name = Debug;
		};
		9B137C401681D58A001B5321 /* Release */ = {
			isa = XCBuildConfiguration;
			buildSettings = {
				ALWAYS_SEARCH_USER_PATHS = NO;
				CLANG_CXX_LANGUAGE_STANDARD = "gnu++0x";
				CLANG_CXX_LIBRARY = "libc++";
				CLANG_ENABLE_OBJC_ARC = YES;
				CLANG_WARN_EMPTY_BODY = YES;
				CLANG_WARN__DUPLICATE_METHOD_MATCH = YES;
				CODE_SIGN_IDENTITY = "iPhone Developer";
				"CODE_SIGN_IDENTITY[sdk=iphoneos*]" = "iPhone Developer";
				COPY_PHASE_STRIP = YES;
				GCC_C_LANGUAGE_STANDARD = gnu99;
				GCC_WARN_ABOUT_RETURN_TYPE = YES;
				GCC_WARN_UNINITIALIZED_AUTOS = YES;
				GCC_WARN_UNUSED_VARIABLE = YES;
				IPHONEOS_DEPLOYMENT_TARGET = 6.0;
				OTHER_CFLAGS = "-DNS_BLOCK_ASSERTIONS=1";
				PROVISIONING_PROFILE = "";
				SDKROOT = iphoneos;
				VALIDATE_PRODUCT = YES;
			};
			name = Release;
		};
		9B137C421681D58A001B5321 /* Debug */ = {
			isa = XCBuildConfiguration;
			buildSettings = {
				CODE_SIGN_IDENTITY = "iPhone Developer";
				GCC_PRECOMPILE_PREFIX_HEADER = YES;
				GCC_PREFIX_HEADER = "HaircutHistory/HaircutHistory-Prefix.pch";
				INFOPLIST_FILE = "HaircutHistory/HaircutHistory-Info.plist";
				PRODUCT_NAME = "$(TARGET_NAME)";
				PROVISIONING_PROFILE = "";
				WRAPPER_EXTENSION = app;
			};
			name = Debug;
		};
		9B137C431681D58A001B5321 /* Release */ = {
			isa = XCBuildConfiguration;
			buildSettings = {
				CODE_SIGN_IDENTITY = "iPhone Developer";
				GCC_PRECOMPILE_PREFIX_HEADER = YES;
				GCC_PREFIX_HEADER = "HaircutHistory/HaircutHistory-Prefix.pch";
				INFOPLIST_FILE = "HaircutHistory/HaircutHistory-Info.plist";
				PRODUCT_NAME = "$(TARGET_NAME)";
				PROVISIONING_PROFILE = "";
				WRAPPER_EXTENSION = app;
			};
			name = Release;
		};
/* End XCBuildConfiguration section */

/* Begin XCConfigurationList section */
		9B137C171681D58A001B5321 /* Build configuration list for PBXProject "HaircutHistory" */ = {
			isa = XCConfigurationList;
			buildConfigurations = (
				9B137C3F1681D58A001B5321 /* Debug */,
				9B137C401681D58A001B5321 /* Release */,
			);
			defaultConfigurationIsVisible = 0;
			defaultConfigurationName = Release;
		};
		9B137C411681D58A001B5321 /* Build configuration list for PBXNativeTarget "HaircutHistory" */ = {
			isa = XCConfigurationList;
			buildConfigurations = (
				9B137C421681D58A001B5321 /* Debug */,
				9B137C431681D58A001B5321 /* Release */,
			);
			defaultConfigurationIsVisible = 0;
			defaultConfigurationName = Release;
		};
/* End XCConfigurationList section */
	};
	rootObject = 9B137C141681D58A001B5321 /* Project object */;
}
